
Microsoft Visual Studio Solution File, Format Version 12.00
# Visual Studio Version 16
VisualStudioVersion = 16.0.30611.23
MinimumVisualStudioVersion = 15.0.26124.0
Project("{FAE04EC0-301F-11D3-BF4B-00C04F79EFBC}") = "Stomatologiya.Objects", "Objects/Stomatologiya.Objects.csproj", "3d64e4e8-1b6f-4fd2-81fe-55aa808ec087"
EndProject
Project("{FAE04EC0-301F-11D3-BF4B-00C04F79EFBC}") = "Stomatologiya.Tests", "Tests/Stomatologiya.Tests.csproj", "a4c1dd92-2dd3-4c40-b984-e645a0dc30c2"
EndProject
Project("{FAE04EC0-301F-11D3-BF4B-00C04F79EFBC}") = "Stomatologiya.ODataBackend", "ODataBackend/Stomatologiya.ODataBackend.csproj", "fa77cecd-94c2-468e-a748-003c18421d9b"
EndProject
Project("{FAE04EC0-301F-11D3-BF4B-00C04F79EFBC}") = "Stomatologiya.IntegrationTests", "IntegrationTests/Stomatologiya.IntegrationTests.csproj", "e4f39184-ee7d-42cd-b247-beb059114823"
EndProject
Global
	GlobalSection(SolutionConfigurationPlatforms) = preSolution
Debug|Any CPU = Debug|Any CPU
Release|Any CPU = Release|Any CPU
	EndGlobalSection
	GlobalSection(ProjectConfigurationPlatforms) = postSolution
		3d64e4e8-1b6f-4fd2-81fe-55aa808ec087.Debug|Any CPU.ActiveCfg = Debug|Any CPU
		3d64e4e8-1b6f-4fd2-81fe-55aa808ec087.Debug|Any CPU.Build.0 = Debug|Any CPU
		3d64e4e8-1b6f-4fd2-81fe-55aa808ec087.Release|Any CPU.ActiveCfg = Release|Any CPU
		3d64e4e8-1b6f-4fd2-81fe-55aa808ec087.Release|Any CPU.Build.0 = Release|Any CPU
		a4c1dd92-2dd3-4c40-b984-e645a0dc30c2.Debug|Any CPU.ActiveCfg = Debug|Any CPU
		a4c1dd92-2dd3-4c40-b984-e645a0dc30c2.Debug|Any CPU.Build.0 = Debug|Any CPU
		a4c1dd92-2dd3-4c40-b984-e645a0dc30c2.Release|Any CPU.ActiveCfg = Release|Any CPU
		a4c1dd92-2dd3-4c40-b984-e645a0dc30c2.Release|Any CPU.Build.0 = Release|Any CPU
		fa77cecd-94c2-468e-a748-003c18421d9b.Debug|Any CPU.ActiveCfg = Debug|Any CPU
		fa77cecd-94c2-468e-a748-003c18421d9b.Debug|Any CPU.Build.0 = Debug|Any CPU
		fa77cecd-94c2-468e-a748-003c18421d9b.Release|Any CPU.ActiveCfg = Release|Any CPU
		fa77cecd-94c2-468e-a748-003c18421d9b.Release|Any CPU.Build.0 = Release|Any CPU
		e4f39184-ee7d-42cd-b247-beb059114823.Debug|Any CPU.ActiveCfg = Debug|Any CPU
		e4f39184-ee7d-42cd-b247-beb059114823.Debug|Any CPU.Build.0 = Debug|Any CPU
		e4f39184-ee7d-42cd-b247-beb059114823.Release|Any CPU.ActiveCfg = Release|Any CPU
		e4f39184-ee7d-42cd-b247-beb059114823.Release|Any CPU.Build.0 = Release|Any CPU
	EndGlobalSection
	GlobalSection(SolutionProperties) = preSolution
		HideSolutionNode = FALSE
	EndGlobalSection
EndGlobal
